
Microsoft Visual Studio Solution File, Format Version 12.00
# Visual Studio Version 16
VisualStudioVersion = 16.0.31515.178
MinimumVisualStudioVersion = 10.0.40219.1
Project("{FAE04EC0-301F-11D3-BF4B-00C04F79EFBC}") = "TryAlg", "TryAlg\TryAlg.csproj", "{77428B9A-E79A-4CB5-BA89-837BC3EC7C5B}"
EndProject
Project("{FAE04EC0-301F-11D3-BF4B-00C04F79EFBC}") = "TrySortDic", "TrySortDic\TrySortDic.csproj", "{9B7B0E0D-A274-4352-AAF9-0B7F6232ACA9}"
EndProject
Global
	GlobalSection(SolutionConfigurationPlatforms) = preSolution
		Debug|Any CPU = Debug|Any CPU
		Release|Any CPU = Release|Any CPU
	EndGlobalSection
	GlobalSection(ProjectConfigurationPlatforms) = postSolution
		{77428B9A-E79A-4CB5-BA89-837BC3EC7C5B}.Debug|Any CPU.ActiveCfg = Debug|Any CPU
		{77428B9A-E79A-4CB5-BA89-837BC3EC7C5B}.Debug|Any CPU.Build.0 = Debug|Any CPU
		{77428B9A-E79A-4CB5-BA89-837BC3EC7C5B}.Release|Any CPU.ActiveCfg = Release|Any CPU
		{77428B9A-E79A-4CB5-BA89-837BC3EC7C5B}.Release|Any CPU.Build.0 = Release|Any CPU
		{9B7B0E0D-A274-4352-AAF9-0B7F6232ACA9}.Debug|Any CPU.ActiveCfg = Debug|Any CPU
		{9B7B0E0D-A274-4352-AAF9-0B7F6232ACA9}.Debug|Any CPU.Build.0 = Debug|Any CPU
		{9B7B0E0D-A274-4352-AAF9-0B7F6232ACA9}.Release|Any CPU.ActiveCfg = Release|Any CPU
		{9B7B0E0D-A274-4352-AAF9-0B7F6232ACA9}.Release|Any CPU.Build.0 = Release|Any CPU
	EndGlobalSection
	GlobalSection(SolutionProperties) = preSolution
		HideSolutionNode = FALSE
	EndGlobalSection
	GlobalSection(ExtensibilityGlobals) = postSolution
		SolutionGuid = {5A056E00-7656-4413-8A53-5075F65FE5D1}
	EndGlobalSection
EndGlobal
